
Microsoft Visual Studio Solution File, Format Version 12.00
# Visual Studio Version 17
VisualStudioVersion = 17.10.35027.167
MinimumVisualStudioVersion = 10.0.40219.1
Project("{FAE04EC0-301F-11D3-BF4B-00C04F79EFBC}") = "Projeto JPV Tech", "Projeto JPV Tech\Projeto JPV Tech.csproj", "{5AE7238B-D044-48D5-AFC5-24353B729BA3}"
EndProject
Global
	GlobalSection(SolutionConfigurationPlatforms) = preSolution
		Debug|Any CPU = Debug|Any CPU
		Release|Any CPU = Release|Any CPU
	EndGlobalSection
	GlobalSection(ProjectConfigurationPlatforms) = postSolution
		{5AE7238B-D044-48D5-AFC5-24353B729BA3}.Debug|Any CPU.ActiveCfg = Debug|Any CPU
		{5AE7238B-D044-48D5-AFC5-24353B729BA3}.Debug|Any CPU.Build.0 = Debug|Any CPU
		{5AE7238B-D044-48D5-AFC5-24353B729BA3}.Release|Any CPU.ActiveCfg = Release|Any CPU
		{5AE7238B-D044-48D5-AFC5-24353B729BA3}.Release|Any CPU.Build.0 = Release|Any CPU
	EndGlobalSection
	GlobalSection(SolutionProperties) = preSolution
		HideSolutionNode = FALSE
	EndGlobalSection
	GlobalSection(ExtensibilityGlobals) = postSolution
		SolutionGuid = {CC9FFEED-DDCB-4B2B-8192-E1E83EAD7C69}
	EndGlobalSection
EndGlobal
